
Microsoft Visual Studio Solution File, Format Version 12.00
# Visual Studio Version 17
VisualStudioVersion = 17.4.33213.308
MinimumVisualStudioVersion = 10.0.40219.1
Project("{FAE04EC0-301F-11D3-BF4B-00C04F79EFBC}") = "blogBonito", "blogBonito\blogBonito.csproj", "{D9601F9D-AC66-4E21-AC36-55C2CB787361}"
EndProject
Global
	GlobalSection(SolutionConfigurationPlatforms) = preSolution
		Debug|Any CPU = Debug|Any CPU
		Release|Any CPU = Release|Any CPU
	EndGlobalSection
	GlobalSection(ProjectConfigurationPlatforms) = postSolution
		{D9601F9D-AC66-4E21-AC36-55C2CB787361}.Debug|Any CPU.ActiveCfg = Debug|Any CPU
		{D9601F9D-AC66-4E21-AC36-55C2CB787361}.Debug|Any CPU.Build.0 = Debug|Any CPU
		{D9601F9D-AC66-4E21-AC36-55C2CB787361}.Release|Any CPU.ActiveCfg = Release|Any CPU
		{D9601F9D-AC66-4E21-AC36-55C2CB787361}.Release|Any CPU.Build.0 = Release|Any CPU
	EndGlobalSection
	GlobalSection(SolutionProperties) = preSolution
		HideSolutionNode = FALSE
	EndGlobalSection
	GlobalSection(ExtensibilityGlobals) = postSolution
		SolutionGuid = {65FFDE0D-D451-4D96-A6F8-D860C52EEA8D}
	EndGlobalSection
EndGlobal
